
Microsoft Visual Studio Solution File, Format Version 12.00
# Visual Studio Version 17
VisualStudioVersion = 17.11.35327.3
MinimumVisualStudioVersion = 10.0.40219.1
Project("{FAE04EC0-301F-11D3-BF4B-00C04F79EFBC}") = "QLBH", "QLBH\QLBH.csproj", "{AEDCBF14-EDAD-4B3C-BABB-6F8643833406}"
EndProject
Global
	GlobalSection(SolutionConfigurationPlatforms) = preSolution
		Debug|Any CPU = Debug|Any CPU
		Release|Any CPU = Release|Any CPU
	EndGlobalSection
	GlobalSection(ProjectConfigurationPlatforms) = postSolution
		{AEDCBF14-EDAD-4B3C-BABB-6F8643833406}.Debug|Any CPU.ActiveCfg = Debug|Any CPU
		{AEDCBF14-EDAD-4B3C-BABB-6F8643833406}.Debug|Any CPU.Build.0 = Debug|Any CPU
		{AEDCBF14-EDAD-4B3C-BABB-6F8643833406}.Release|Any CPU.ActiveCfg = Release|Any CPU
		{AEDCBF14-EDAD-4B3C-BABB-6F8643833406}.Release|Any CPU.Build.0 = Release|Any CPU
	EndGlobalSection
	GlobalSection(SolutionProperties) = preSolution
		HideSolutionNode = FALSE
	EndGlobalSection
	GlobalSection(ExtensibilityGlobals) = postSolution
		SolutionGuid = {CE7B5289-22B2-492D-AD78-465CB2522BCC}
	EndGlobalSection
EndGlobal
